
Microsoft Visual Studio Solution File, Format Version 12.00
# Visual Studio Version 16
VisualStudioVersion = 16.0.29806.167
MinimumVisualStudioVersion = 10.0.40219.1
Project("{FAE04EC0-301F-11D3-BF4B-00C04F79EFBC}") = "Murli Clipper", "Murli Clipper.csproj", "{7012CC5D-E75D-4C6C-8419-5AA893978991}"
EndProject
Global
	GlobalSection(SolutionConfigurationPlatforms) = preSolution
		Debug|Any CPU = Debug|Any CPU
		Release|Any CPU = Release|Any CPU
	EndGlobalSection
	GlobalSection(ProjectConfigurationPlatforms) = postSolution
		{7012CC5D-E75D-4C6C-8419-5AA893978991}.Debug|Any CPU.ActiveCfg = Debug|Any CPU
		{7012CC5D-E75D-4C6C-8419-5AA893978991}.Debug|Any CPU.Build.0 = Debug|Any CPU
		{7012CC5D-E75D-4C6C-8419-5AA893978991}.Release|Any CPU.ActiveCfg = Release|Any CPU
		{7012CC5D-E75D-4C6C-8419-5AA893978991}.Release|Any CPU.Build.0 = Release|Any CPU
	EndGlobalSection
	GlobalSection(SolutionProperties) = preSolution
		HideSolutionNode = FALSE
	EndGlobalSection
	GlobalSection(ExtensibilityGlobals) = postSolution
		SolutionGuid = {04D21836-1D60-4DF3-92AF-49140670F37C}
	EndGlobalSection
EndGlobal
